
Microsoft Visual Studio Solution File, Format Version 12.00
# Visual Studio Version 17
VisualStudioVersion = 17.9.34714.143
MinimumVisualStudioVersion = 10.0.40219.1
Project("{2150E333-8FDC-42A3-9474-1A3956D46DE8}") = "Services", "Services", "{7424E3DB-6391-48EC-8EC3-3A21DDA6EAEF}"
EndProject
Project("{2150E333-8FDC-42A3-9474-1A3956D46DE8}") = "Catalog", "Catalog", "{A107D074-95BA-43FB-A601-35E9F78E5382}"
EndProject
Project("{9A19103F-16F7-4668-BE54-9A1E7A4F7556}") = "MultiShop.Catalog", "Services\Catalog\MultiShop.Catalog\MultiShop.Catalog.csproj", "{B1DBB61A-5DEE-482D-9865-7346A4E2783E}"
EndProject
Project("{2150E333-8FDC-42A3-9474-1A3956D46DE8}") = "Discount", "Discount", "{1AFCF91C-DE03-4402-9AA9-6DE7676039DC}"
EndProject
Project("{9A19103F-16F7-4668-BE54-9A1E7A4F7556}") = "MultiShop.Discount", "Services\Discount\MultiShop.Discount\MultiShop.Discount.csproj", "{22C0A6E4-8828-497D-B316-26CFDDC2FBC1}"
EndProject
Project("{2150E333-8FDC-42A3-9474-1A3956D46DE8}") = "Order", "Order", "{BA09967B-B3CB-4A3A-BADC-680095C8BC07}"
EndProject
Project("{2150E333-8FDC-42A3-9474-1A3956D46DE8}") = "Core", "Core", "{1363C3AE-EB34-45CD-9AAD-3AE99CF1F724}"
EndProject
Project("{2150E333-8FDC-42A3-9474-1A3956D46DE8}") = "Infrastructure", "Infrastructure", "{ECFA7BE0-EF1E-455F-B2CE-5703C21A3066}"
EndProject
Project("{2150E333-8FDC-42A3-9474-1A3956D46DE8}") = "Presentation", "Presentation", "{02201301-6CCF-42FF-BD88-FAD6A5759C07}"
EndProject
Project("{FAE04EC0-301F-11D3-BF4B-00C04F79EFBC}") = "MultiShop.Order.Domain", "Services\Order\Core\MultiShop.Order.Domain\MultiShop.Order.Domain.csproj", "{8B9CF566-5D65-4295-9859-127646809255}"
EndProject
Project("{FAE04EC0-301F-11D3-BF4B-00C04F79EFBC}") = "MultiShop.Order.Application", "Services\Order\Core\MultiShop.Order.Application\MultiShop.Order.Application.csproj", "{6D3C42F8-BA71-4BFD-B9B8-B09357693D73}"
EndProject
Project("{FAE04EC0-301F-11D3-BF4B-00C04F79EFBC}") = "MultiShop.Order.Persistance", "Services\Order\Infrastructure\MultiShop.Order.Persistance\MultiShop.Order.Persistance.csproj", "{CB2E1CB1-957B-47FD-9022-7C1F6364F3EC}"
EndProject
Project("{FAE04EC0-301F-11D3-BF4B-00C04F79EFBC}") = "MultShop.Order.WebApi", "Services\Order\Presentiation\MultShop.Order.WebApi\MultShop.Order.WebApi.csproj", "{C959C0FC-10A1-4820-A023-6696E997C955}"
EndProject
Global
	GlobalSection(SolutionConfigurationPlatforms) = preSolution
		Debug|Any CPU = Debug|Any CPU
		Release|Any CPU = Release|Any CPU
	EndGlobalSection
	GlobalSection(ProjectConfigurationPlatforms) = postSolution
		{B1DBB61A-5DEE-482D-9865-7346A4E2783E}.Debug|Any CPU.ActiveCfg = Debug|Any CPU
		{B1DBB61A-5DEE-482D-9865-7346A4E2783E}.Debug|Any CPU.Build.0 = Debug|Any CPU
		{B1DBB61A-5DEE-482D-9865-7346A4E2783E}.Release|Any CPU.ActiveCfg = Release|Any CPU
		{B1DBB61A-5DEE-482D-9865-7346A4E2783E}.Release|Any CPU.Build.0 = Release|Any CPU
		{22C0A6E4-8828-497D-B316-26CFDDC2FBC1}.Debug|Any CPU.ActiveCfg = Debug|Any CPU
		{22C0A6E4-8828-497D-B316-26CFDDC2FBC1}.Debug|Any CPU.Build.0 = Debug|Any CPU
		{22C0A6E4-8828-497D-B316-26CFDDC2FBC1}.Release|Any CPU.ActiveCfg = Release|Any CPU
		{22C0A6E4-8828-497D-B316-26CFDDC2FBC1}.Release|Any CPU.Build.0 = Release|Any CPU
		{8B9CF566-5D65-4295-9859-127646809255}.Debug|Any CPU.ActiveCfg = Debug|Any CPU
		{8B9CF566-5D65-4295-9859-127646809255}.Debug|Any CPU.Build.0 = Debug|Any CPU
		{8B9CF566-5D65-4295-9859-127646809255}.Release|Any CPU.ActiveCfg = Release|Any CPU
		{8B9CF566-5D65-4295-9859-127646809255}.Release|Any CPU.Build.0 = Release|Any CPU
		{6D3C42F8-BA71-4BFD-B9B8-B09357693D73}.Debug|Any CPU.ActiveCfg = Debug|Any CPU
		{6D3C42F8-BA71-4BFD-B9B8-B09357693D73}.Debug|Any CPU.Build.0 = Debug|Any CPU
		{6D3C42F8-BA71-4BFD-B9B8-B09357693D73}.Release|Any CPU.ActiveCfg = Release|Any CPU
		{6D3C42F8-BA71-4BFD-B9B8-B09357693D73}.Release|Any CPU.Build.0 = Release|Any CPU
		{CB2E1CB1-957B-47FD-9022-7C1F6364F3EC}.Debug|Any CPU.ActiveCfg = Debug|Any CPU
		{CB2E1CB1-957B-47FD-9022-7C1F6364F3EC}.Debug|Any CPU.Build.0 = Debug|Any CPU
		{CB2E1CB1-957B-47FD-9022-7C1F6364F3EC}.Release|Any CPU.ActiveCfg = Release|Any CPU
		{CB2E1CB1-957B-47FD-9022-7C1F6364F3EC}.Release|Any CPU.Build.0 = Release|Any CPU
		{C959C0FC-10A1-4820-A023-6696E997C955}.Debug|Any CPU.ActiveCfg = Debug|Any CPU
		{C959C0FC-10A1-4820-A023-6696E997C955}.Debug|Any CPU.Build.0 = Debug|Any CPU
		{C959C0FC-10A1-4820-A023-6696E997C955}.Release|Any CPU.ActiveCfg = Release|Any CPU
		{C959C0FC-10A1-4820-A023-6696E997C955}.Release|Any CPU.Build.0 = Release|Any CPU
	EndGlobalSection
	GlobalSection(SolutionProperties) = preSolution
		HideSolutionNode = FALSE
	EndGlobalSection
	GlobalSection(NestedProjects) = preSolution
		{A107D074-95BA-43FB-A601-35E9F78E5382} = {7424E3DB-6391-48EC-8EC3-3A21DDA6EAEF}
		{B1DBB61A-5DEE-482D-9865-7346A4E2783E} = {A107D074-95BA-43FB-A601-35E9F78E5382}
		{1AFCF91C-DE03-4402-9AA9-6DE7676039DC} = {7424E3DB-6391-48EC-8EC3-3A21DDA6EAEF}
		{22C0A6E4-8828-497D-B316-26CFDDC2FBC1} = {1AFCF91C-DE03-4402-9AA9-6DE7676039DC}
		{BA09967B-B3CB-4A3A-BADC-680095C8BC07} = {7424E3DB-6391-48EC-8EC3-3A21DDA6EAEF}
		{1363C3AE-EB34-45CD-9AAD-3AE99CF1F724} = {BA09967B-B3CB-4A3A-BADC-680095C8BC07}
		{ECFA7BE0-EF1E-455F-B2CE-5703C21A3066} = {BA09967B-B3CB-4A3A-BADC-680095C8BC07}
		{02201301-6CCF-42FF-BD88-FAD6A5759C07} = {BA09967B-B3CB-4A3A-BADC-680095C8BC07}
		{8B9CF566-5D65-4295-9859-127646809255} = {1363C3AE-EB34-45CD-9AAD-3AE99CF1F724}
		{6D3C42F8-BA71-4BFD-B9B8-B09357693D73} = {1363C3AE-EB34-45CD-9AAD-3AE99CF1F724}
		{CB2E1CB1-957B-47FD-9022-7C1F6364F3EC} = {ECFA7BE0-EF1E-455F-B2CE-5703C21A3066}
		{C959C0FC-10A1-4820-A023-6696E997C955} = {02201301-6CCF-42FF-BD88-FAD6A5759C07}
	EndGlobalSection
	GlobalSection(ExtensibilityGlobals) = postSolution
		SolutionGuid = {B6C8BD50-3E49-4C58-BF94-FC2EDD7E1B6C}
	EndGlobalSection
EndGlobal
